// !$*UTF8*$!
{
	archiveVersion = 1;
	classes = {
	};
	objectVersion = 56;
	objects = {

/* Begin PBXBuildFile section */
		3F1D61F82ACD20890017E4BC /* AsyncLetBootcamp.swift in Sources */ = {isa = PBXBuildFile; fileRef = 3F1D61F72ACD20890017E4BC /* AsyncLetBootcamp.swift */; };
		3F1D61FA2ACD2CC70017E4BC /* TaskGroupBootcamp.swift in Sources */ = {isa = PBXBuildFile; fileRef = 3F1D61F92ACD2CC70017E4BC /* TaskGroupBootcamp.swift */; };
		3F1D61FC2ACD37EF0017E4BC /* CheckedContinuesBootcamp.swift in Sources */ = {isa = PBXBuildFile; fileRef = 3F1D61FB2ACD37EF0017E4BC /* CheckedContinuesBootcamp.swift */; };
		3F1D62002ACE75F10017E4BC /* ActorBootcamp2.swift in Sources */ = {isa = PBXBuildFile; fileRef = 3F1D61FF2ACE75F10017E4BC /* ActorBootcamp2.swift */; };
		3F1D62022ACE84880017E4BC /* GlobalActorBootcamp.swift in Sources */ = {isa = PBXBuildFile; fileRef = 3F1D62012ACE84880017E4BC /* GlobalActorBootcamp.swift */; };
		3F1D62042ACEC9E80017E4BC /* SendableProtocolBootcamp.swift in Sources */ = {isa = PBXBuildFile; fileRef = 3F1D62032ACEC9E80017E4BC /* SendableProtocolBootcamp.swift */; };
		3FF75B172ACC545800776444 /* SwiftConcurrencyAsycAwaitApp.swift in Sources */ = {isa = PBXBuildFile; fileRef = 3FF75B162ACC545800776444 /* SwiftConcurrencyAsycAwaitApp.swift */; };
		3FF75B192ACC545800776444 /* ActorBootCamp.swift in Sources */ = {isa = PBXBuildFile; fileRef = 3FF75B182ACC545800776444 /* ActorBootCamp.swift */; };
		3FF75B1B2ACC545B00776444 /* Assets.xcassets in Resources */ = {isa = PBXBuildFile; fileRef = 3FF75B1A2ACC545B00776444 /* Assets.xcassets */; };
		3FF75B1E2ACC545B00776444 /* Preview Assets.xcassets in Resources */ = {isa = PBXBuildFile; fileRef = 3FF75B1D2ACC545B00776444 /* Preview Assets.xcassets */; };
		3FF75B252ACC547F00776444 /* AsyncAwaitBootcamp.swift in Sources */ = {isa = PBXBuildFile; fileRef = 3FF75B242ACC547F00776444 /* AsyncAwaitBootcamp.swift */; };
/* End PBXBuildFile section */

/* Begin PBXFileReference section */
		3F1D61F72ACD20890017E4BC /* AsyncLetBootcamp.swift */ = {isa = PBXFileReference; lastKnownFileType = sourcecode.swift; path = AsyncLetBootcamp.swift; sourceTree = "<group>"; };
		3F1D61F92ACD2CC70017E4BC /* TaskGroupBootcamp.swift */ = {isa = PBXFileReference; lastKnownFileType = sourcecode.swift; path = TaskGroupBootcamp.swift; sourceTree = "<group>"; };
		3F1D61FB2ACD37EF0017E4BC /* CheckedContinuesBootcamp.swift */ = {isa = PBXFileReference; lastKnownFileType = sourcecode.swift; path = CheckedContinuesBootcamp.swift; sourceTree = "<group>"; };
		3F1D61FF2ACE75F10017E4BC /* ActorBootcamp2.swift */ = {isa = PBXFileReference; lastKnownFileType = sourcecode.swift; path = ActorBootcamp2.swift; sourceTree = "<group>"; };
		3F1D62012ACE84880017E4BC /* GlobalActorBootcamp.swift */ = {isa = PBXFileReference; lastKnownFileType = sourcecode.swift; path = GlobalActorBootcamp.swift; sourceTree = "<group>"; };
		3F1D62032ACEC9E80017E4BC /* SendableProtocolBootcamp.swift */ = {isa = PBXFileReference; lastKnownFileType = sourcecode.swift; path = SendableProtocolBootcamp.swift; sourceTree = "<group>"; };
		3FF75B132ACC545800776444 /* SwiftConcurrencyAsycAwait.app */ = {isa = PBXFileReference; explicitFileType = wrapper.application; includeInIndex = 0; path = SwiftConcurrencyAsycAwait.app; sourceTree = BUILT_PRODUCTS_DIR; };
		3FF75B162ACC545800776444 /* SwiftConcurrencyAsycAwaitApp.swift */ = {isa = PBXFileReference; lastKnownFileType = sourcecode.swift; path = SwiftConcurrencyAsycAwaitApp.swift; sourceTree = "<group>"; };
		3FF75B182ACC545800776444 /* ActorBootCamp.swift */ = {isa = PBXFileReference; lastKnownFileType = sourcecode.swift; path = ActorBootCamp.swift; sourceTree = "<group>"; };
		3FF75B1A2ACC545B00776444 /* Assets.xcassets */ = {isa = PBXFileReference; lastKnownFileType = folder.assetcatalog; path = Assets.xcassets; sourceTree = "<group>"; };
		3FF75B1D2ACC545B00776444 /* Preview Assets.xcassets */ = {isa = PBXFileReference; lastKnownFileType = folder.assetcatalog; path = "Preview Assets.xcassets"; sourceTree = "<group>"; };
		3FF75B242ACC547F00776444 /* AsyncAwaitBootcamp.swift */ = {isa = PBXFileReference; lastKnownFileType = sourcecode.swift; path = AsyncAwaitBootcamp.swift; sourceTree = "<group>"; };
/* End PBXFileReference section */

/* Begin PBXFrameworksBuildPhase section */
		3FF75B102ACC545800776444 /* Frameworks */ = {
			isa = PBXFrameworksBuildPhase;
			buildActionMask = 2147483647;
			files = (
			);
			runOnlyForDeploymentPostprocessing = 0;
		};
/* End PBXFrameworksBuildPhase section */

/* Begin PBXGroup section */
		3FF75B0A2ACC545800776444 = {
			isa = PBXGroup;
			children = (
				3FF75B152ACC545800776444 /* SwiftConcurrencyAsycAwait */,
				3FF75B142ACC545800776444 /* Products */,
			);
			sourceTree = "<group>";
		};
		3FF75B142ACC545800776444 /* Products */ = {
			isa = PBXGroup;
			children = (
				3FF75B132ACC545800776444 /* SwiftConcurrencyAsycAwait.app */,
			);
			name = Products;
			sourceTree = "<group>";
		};
		3FF75B152ACC545800776444 /* SwiftConcurrencyAsycAwait */ = {
			isa = PBXGroup;
			children = (
				3FF75B162ACC545800776444 /* SwiftConcurrencyAsycAwaitApp.swift */,
				3FF75B242ACC547F00776444 /* AsyncAwaitBootcamp.swift */,
				3F1D61F72ACD20890017E4BC /* AsyncLetBootcamp.swift */,
				3F1D61F92ACD2CC70017E4BC /* TaskGroupBootcamp.swift */,
				3F1D61FB2ACD37EF0017E4BC /* CheckedContinuesBootcamp.swift */,
				3FF75B182ACC545800776444 /* ActorBootCamp.swift */,
				3F1D61FF2ACE75F10017E4BC /* ActorBootcamp2.swift */,
				3F1D62012ACE84880017E4BC /* GlobalActorBootcamp.swift */,
				3F1D62032ACEC9E80017E4BC /* SendableProtocolBootcamp.swift */,
				3FF75B1A2ACC545B00776444 /* Assets.xcassets */,
				3FF75B1C2ACC545B00776444 /* Preview Content */,
			);
			path = SwiftConcurrencyAsycAwait;
			sourceTree = "<group>";
		};
		3FF75B1C2ACC545B00776444 /* Preview Content */ = {
			isa = PBXGroup;
			children = (
				3FF75B1D2ACC545B00776444 /* Preview Assets.xcassets */,
			);
			path = "Preview Content";
			sourceTree = "<group>";
		};
/* End PBXGroup section */

/* Begin PBXNativeTarget section */
		3FF75B122ACC545800776444 /* SwiftConcurrencyAsycAwait */ = {
			isa = PBXNativeTarget;
			buildConfigurationList = 3FF75B212ACC545B00776444 /* Build configuration list for PBXNativeTarget "SwiftConcurrencyAsycAwait" */;
			buildPhases = (
				3FF75B0F2ACC545800776444 /* Sources */,
				3FF75B102ACC545800776444 /* Frameworks */,
				3FF75B112ACC545800776444 /* Resources */,
			);
			buildRules = (
			);
			dependencies = (
			);
			name = SwiftConcurrencyAsycAwait;
			productName = SwiftConcurrencyAsycAwait;
			productReference = 3FF75B132ACC545800776444 /* SwiftConcurrencyAsycAwait.app */;
			productType = "com.apple.product-type.application";
		};
/* End PBXNativeTarget section */

/* Begin PBXProject section */
		3FF75B0B2ACC545800776444 /* Project object */ = {
			isa = PBXProject;
			attributes = {
				BuildIndependentTargetsInParallel = 1;
				LastSwiftUpdateCheck = 1430;
				LastUpgradeCheck = 1430;
				TargetAttributes = {
					3FF75B122ACC545800776444 = {
						CreatedOnToolsVersion = 14.3;
					};
				};
			};
			buildConfigurationList = 3FF75B0E2ACC545800776444 /* Build configuration list for PBXProject "SwiftConcurrencyAsycAwait" */;
			compatibilityVersion = "Xcode 14.0";
			developmentRegion = en;
			hasScannedForEncodings = 0;
			knownRegions = (
				en,
				Base,
			);
			mainGroup = 3FF75B0A2ACC545800776444;
			productRefGroup = 3FF75B142ACC545800776444 /* Products */;
			projectDirPath = "";
			projectRoot = "";
			targets = (
				3FF75B122ACC545800776444 /* SwiftConcurrencyAsycAwait */,
			);
		};
/* End PBXProject section */

/* Begin PBXResourcesBuildPhase section */
		3FF75B112ACC545800776444 /* Resources */ = {
			isa = PBXResourcesBuildPhase;
			buildActionMask = 2147483647;
			files = (
				3FF75B1E2ACC545B00776444 /* Preview Assets.xcassets in Resources */,
				3FF75B1B2ACC545B00776444 /* Assets.xcassets in Resources */,
			);
			runOnlyForDeploymentPostprocessing = 0;
		};
/* End PBXResourcesBuildPhase section */

/* Begin PBXSourcesBuildPhase section */
		3FF75B0F2ACC545800776444 /* Sources */ = {
			isa = PBXSourcesBuildPhase;
			buildActionMask = 2147483647;
			files = (
				3FF75B192ACC545800776444 /* ActorBootCamp.swift in Sources */,
				3F1D61F82ACD20890017E4BC /* AsyncLetBootcamp.swift in Sources */,
				3F1D62042ACEC9E80017E4BC /* SendableProtocolBootcamp.swift in Sources */,
				3F1D62002ACE75F10017E4BC /* ActorBootcamp2.swift in Sources */,
				3F1D62022ACE84880017E4BC /* GlobalActorBootcamp.swift in Sources */,
				3FF75B172ACC545800776444 /* SwiftConcurrencyAsycAwaitApp.swift in Sources */,
				3F1D61FC2ACD37EF0017E4BC /* CheckedContinuesBootcamp.swift in Sources */,
				3FF75B252ACC547F00776444 /* AsyncAwaitBootcamp.swift in Sources */,
				3F1D61FA2ACD2CC70017E4BC /* TaskGroupBootcamp.swift in Sources */,
			);
			runOnlyForDeploymentPostprocessing = 0;
		};
/* End PBXSourcesBuildPhase section */

/* Begin XCBuildConfiguration section */
		3FF75B1F2ACC545B00776444 /* Debug */ = {
			isa = XCBuildConfiguration;
			buildSettings = {
				ALWAYS_SEARCH_USER_PATHS = NO;
				CLANG_ANALYZER_NONNULL = YES;
				CLANG_ANALYZER_NUMBER_OBJECT_CONVERSION = YES_AGGRESSIVE;
				CLANG_CXX_LANGUAGE_STANDARD = "gnu++20";
				CLANG_ENABLE_MODULES = YES;
				CLANG_ENABLE_OBJC_ARC = YES;
				CLANG_ENABLE_OBJC_WEAK = YES;
				CLANG_WARN_BLOCK_CAPTURE_AUTORELEASING = YES;
				CLANG_WARN_BOOL_CONVERSION = YES;
				CLANG_WARN_COMMA = YES;
				CLANG_WARN_CONSTANT_CONVERSION = YES;
				CLANG_WARN_DEPRECATED_OBJC_IMPLEMENTATIONS = YES;
				CLANG_WARN_DIRECT_OBJC_ISA_USAGE = YES_ERROR;
				CLANG_WARN_DOCUMENTATION_COMMENTS = YES;
				CLANG_WARN_EMPTY_BODY = YES;
				CLANG_WARN_ENUM_CONVERSION = YES;
				CLANG_WARN_INFINITE_RECURSION = YES;
				CLANG_WARN_INT_CONVERSION = YES;
				CLANG_WARN_NON_LITERAL_NULL_CONVERSION = YES;
				CLANG_WARN_OBJC_IMPLICIT_RETAIN_SELF = YES;
				CLANG_WARN_OBJC_LITERAL_CONVERSION = YES;
				CLANG_WARN_OBJC_ROOT_CLASS = YES_ERROR;
				CLANG_WARN_QUOTED_INCLUDE_IN_FRAMEWORK_HEADER = YES;
				CLANG_WARN_RANGE_LOOP_ANALYSIS = YES;
				CLANG_WARN_STRICT_PROTOTYPES = YES;
				CLANG_WARN_SUSPICIOUS_MOVE = YES;
				CLANG_WARN_UNGUARDED_AVAILABILITY = YES_AGGRESSIVE;
				CLANG_WARN_UNREACHABLE_CODE = YES;
				CLANG_WARN__DUPLICATE_METHOD_MATCH = YES;
				COPY_PHASE_STRIP = NO;
				DEBUG_INFORMATION_FORMAT = dwarf;
				ENABLE_STRICT_OBJC_MSGSEND = YES;
				ENABLE_TESTABILITY = YES;
				GCC_C_LANGUAGE_STANDARD = gnu11;
				GCC_DYNAMIC_NO_PIC = NO;
				GCC_NO_COMMON_BLOCKS = YES;
				GCC_OPTIMIZATION_LEVEL = 0;
				GCC_PREPROCESSOR_DEFINITIONS = (
					"DEBUG=1",
					"$(inherited)",
				);
				GCC_WARN_64_TO_32_BIT_CONVERSION = YES;
				GCC_WARN_ABOUT_RETURN_TYPE = YES_ERROR;
				GCC_WARN_UNDECLARED_SELECTOR = YES;
				GCC_WARN_UNINITIALIZED_AUTOS = YES_AGGRESSIVE;
				GCC_WARN_UNUSED_FUNCTION = YES;
				GCC_WARN_UNUSED_VARIABLE = YES;
				IPHONEOS_DEPLOYMENT_TARGET = 16.4;
				MTL_ENABLE_DEBUG_INFO = INCLUDE_SOURCE;
				MTL_FAST_MATH = YES;
				ONLY_ACTIVE_ARCH = YES;
				SDKROOT = iphoneos;
				SWIFT_ACTIVE_COMPILATION_CONDITIONS = DEBUG;
				SWIFT_OPTIMIZATION_LEVEL = "-Onone";
			};
			name = Debug;
		};
		3FF75B202ACC545B00776444 /* Release */ = {
			isa = XCBuildConfiguration;
			buildSettings = {
				ALWAYS_SEARCH_USER_PATHS = NO;
				CLANG_ANALYZER_NONNULL = YES;
				CLANG_ANALYZER_NUMBER_OBJECT_CONVERSION = YES_AGGRESSIVE;
				CLANG_CXX_LANGUAGE_STANDARD = "gnu++20";
				CLANG_ENABLE_MODULES = YES;
				CLANG_ENABLE_OBJC_ARC = YES;
				CLANG_ENABLE_OBJC_WEAK = YES;
				CLANG_WARN_BLOCK_CAPTURE_AUTORELEASING = YES;
				CLANG_WARN_BOOL_CONVERSION = YES;
				CLANG_WARN_COMMA = YES;
				CLANG_WARN_CONSTANT_CONVERSION = YES;
				CLANG_WARN_DEPRECATED_OBJC_IMPLEMENTATIONS = YES;
				CLANG_WARN_DIRECT_OBJC_ISA_USAGE = YES_ERROR;
				CLANG_WARN_DOCUMENTATION_COMMENTS = YES;
				CLANG_WARN_EMPTY_BODY = YES;
				CLANG_WARN_ENUM_CONVERSION = YES;
				CLANG_WARN_INFINITE_RECURSION = YES;
				CLANG_WARN_INT_CONVERSION = YES;
				CLANG_WARN_NON_LITERAL_NULL_CONVERSION = YES;
				CLANG_WARN_OBJC_IMPLICIT_RETAIN_SELF = YES;
				CLANG_WARN_OBJC_LITERAL_CONVERSION = YES;
				CLANG_WARN_OBJC_ROOT_CLASS = YES_ERROR;
				CLANG_WARN_QUOTED_INCLUDE_IN_FRAMEWORK_HEADER = YES;
				CLANG_WARN_RANGE_LOOP_ANALYSIS = YES;
				CLANG_WARN_STRICT_PROTOTYPES = YES;
				CLANG_WARN_SUSPICIOUS_MOVE = YES;
				CLANG_WARN_UNGUARDED_AVAILABILITY = YES_AGGRESSIVE;
				CLANG_WARN_UNREACHABLE_CODE = YES;
				CLANG_WARN__DUPLICATE_METHOD_MATCH = YES;
				COPY_PHASE_STRIP = NO;
				DEBUG_INFORMATION_FORMAT = "dwarf-with-dsym";
				ENABLE_NS_ASSERTIONS = NO;
				ENABLE_STRICT_OBJC_MSGSEND = YES;
				GCC_C_LANGUAGE_STANDARD = gnu11;
				GCC_NO_COMMON_BLOCKS = YES;
				GCC_WARN_64_TO_32_BIT_CONVERSION = YES;
				GCC_WARN_ABOUT_RETURN_TYPE = YES_ERROR;
				GCC_WARN_UNDECLARED_SELECTOR = YES;
				GCC_WARN_UNINITIALIZED_AUTOS = YES_AGGRESSIVE;
				GCC_WARN_UNUSED_FUNCTION = YES;
				GCC_WARN_UNUSED_VARIABLE = YES;
				IPHONEOS_DEPLOYMENT_TARGET = 16.4;
				MTL_ENABLE_DEBUG_INFO = NO;
				MTL_FAST_MATH = YES;
				SDKROOT = iphoneos;
				SWIFT_COMPILATION_MODE = wholemodule;
				SWIFT_OPTIMIZATION_LEVEL = "-O";
				VALIDATE_PRODUCT = YES;
			};
			name = Release;
		};
		3FF75B222ACC545B00776444 /* Debug */ = {
			isa = XCBuildConfiguration;
			buildSettings = {
				ASSETCATALOG_COMPILER_APPICON_NAME = AppIcon;
				ASSETCATALOG_COMPILER_GLOBAL_ACCENT_COLOR_NAME = AccentColor;
				CODE_SIGN_STYLE = Automatic;
				CURRENT_PROJECT_VERSION = 1;
				DEVELOPMENT_ASSET_PATHS = "\"SwiftConcurrencyAsycAwait/Preview Content\"";
				ENABLE_PREVIEWS = YES;
				GENERATE_INFOPLIST_FILE = YES;
				INFOPLIST_KEY_UIApplicationSceneManifest_Generation = YES;
				INFOPLIST_KEY_UIApplicationSupportsIndirectInputEvents = YES;
				INFOPLIST_KEY_UILaunchScreen_Generation = YES;
				INFOPLIST_KEY_UISupportedInterfaceOrientations_iPad = "UIInterfaceOrientationPortrait UIInterfaceOrientationPortraitUpsideDown UIInterfaceOrientationLandscapeLeft UIInterfaceOrientationLandscapeRight";
				INFOPLIST_KEY_UISupportedInterfaceOrientations_iPhone = "UIInterfaceOrientationPortrait UIInterfaceOrientationLandscapeLeft UIInterfaceOrientationLandscapeRight";
				LD_RUNPATH_SEARCH_PATHS = (
					"$(inherited)",
					"@executable_path/Frameworks",
				);
				MARKETING_VERSION = 1.0;
				PRODUCT_BUNDLE_IDENTIFIER = com.Viswa.SwiftConcurrencyAsycAwait;
				PRODUCT_NAME = "$(TARGET_NAME)";
				SWIFT_EMIT_LOC_STRINGS = YES;
				SWIFT_VERSION = 5.0;
				TARGETED_DEVICE_FAMILY = "1,2";
			};
			name = Debug;
		};
		3FF75B232ACC545B00776444 /* Release */ = {
			isa = XCBuildConfiguration;
			buildSettings = {
				ASSETCATALOG_COMPILER_APPICON_NAME = AppIcon;
				ASSETCATALOG_COMPILER_GLOBAL_ACCENT_COLOR_NAME = AccentColor;
				CODE_SIGN_STYLE = Automatic;
				CURRENT_PROJECT_VERSION = 1;
				DEVELOPMENT_ASSET_PATHS = "\"SwiftConcurrencyAsycAwait/Preview Content\"";
				ENABLE_PREVIEWS = YES;
				GENERATE_INFOPLIST_FILE = YES;
				INFOPLIST_KEY_UIApplicationSceneManifest_Generation = YES;
				INFOPLIST_KEY_UIApplicationSupportsIndirectInputEvents = YES;
				INFOPLIST_KEY_UILaunchScreen_Generation = YES;
				INFOPLIST_KEY_UISupportedInterfaceOrientations_iPad = "UIInterfaceOrientationPortrait UIInterfaceOrientationPortraitUpsideDown UIInterfaceOrientationLandscapeLeft UIInterfaceOrientationLandscapeRight";
				INFOPLIST_KEY_UISupportedInterfaceOrientations_iPhone = "UIInterfaceOrientationPortrait UIInterfaceOrientationLandscapeLeft UIInterfaceOrientationLandscapeRight";
				LD_RUNPATH_SEARCH_PATHS = (
					"$(inherited)",
					"@executable_path/Frameworks",
				);
				MARKETING_VERSION = 1.0;
				PRODUCT_BUNDLE_IDENTIFIER = com.Viswa.SwiftConcurrencyAsycAwait;
				PRODUCT_NAME = "$(TARGET_NAME)";
				SWIFT_EMIT_LOC_STRINGS = YES;
				SWIFT_VERSION = 5.0;
				TARGETED_DEVICE_FAMILY = "1,2";
			};
			name = Release;
		};
/* End XCBuildConfiguration section */

/* Begin XCConfigurationList section */
		3FF75B0E2ACC545800776444 /* Build configuration list for PBXProject "SwiftConcurrencyAsycAwait" */ = {
			isa = XCConfigurationList;
			buildConfigurations = (
				3FF75B1F2ACC545B00776444 /* Debug */,
				3FF75B202ACC545B00776444 /* Release */,
			);
			defaultConfigurationIsVisible = 0;
			defaultConfigurationName = Release;
		};
		3FF75B212ACC545B00776444 /* Build configuration list for PBXNativeTarget "SwiftConcurrencyAsycAwait" */ = {
			isa = XCConfigurationList;
			buildConfigurations = (
				3FF75B222ACC545B00776444 /* Debug */,
				3FF75B232ACC545B00776444 /* Release */,
			);
			defaultConfigurationIsVisible = 0;
			defaultConfigurationName = Release;
		};
/* End XCConfigurationList section */
	};
	rootObject = 3FF75B0B2ACC545800776444 /* Project object */;
}
